
Microsoft Visual Studio Solution File, Format Version 12.00
# Visual Studio Version 17
VisualStudioVersion = 17.3.32901.215
MinimumVisualStudioVersion = 10.0.40219.1
Project("{9A19103F-16F7-4668-BE54-9A1E7A4F7556}") = "FilmReviews.WebAPI", "FilmReviews.WebAPI\FilmReviews.WebAPI.csproj", "{B34B6087-7C7B-402E-A7C1-6938AF920B3A}"
EndProject
Project("{9A19103F-16F7-4668-BE54-9A1E7A4F7556}") = "FilmReviews.BL", "FilmReviews.BL\FilmReviews.BL.csproj", "{C722D4D4-5F71-40D3-A73B-5A4D9CC01BF8}"
EndProject
Project("{9A19103F-16F7-4668-BE54-9A1E7A4F7556}") = "FilmReviews.DataAccess", "FilmReviews.DataAccess\FilmReviews.DataAccess.csproj", "{51017AC7-A818-430A-A52F-5C93340CA0AD}"
EndProject
Project("{9A19103F-16F7-4668-BE54-9A1E7A4F7556}") = "FilmReviews.UnitTests", "FilmReviews.UnitTest\FilmReviews.UnitTests.csproj", "{04130F74-A354-491D-AF7C-27DA4BBD35BB}"
EndProject
Project("{FAE04EC0-301F-11D3-BF4B-00C04F79EFBC}") = "FilmReviews.BL.UnitTests", "FilmReviews.BL.UnitTests\FilmReviews.BL.UnitTests.csproj", "{9338BA03-CD5C-4DD7-B0AA-3AC14E1F0461}"
EndProject
Global
	GlobalSection(SolutionConfigurationPlatforms) = preSolution
		Debug|Any CPU = Debug|Any CPU
		Release|Any CPU = Release|Any CPU
	EndGlobalSection
	GlobalSection(ProjectConfigurationPlatforms) = postSolution
		{B34B6087-7C7B-402E-A7C1-6938AF920B3A}.Debug|Any CPU.ActiveCfg = Debug|Any CPU
		{B34B6087-7C7B-402E-A7C1-6938AF920B3A}.Debug|Any CPU.Build.0 = Debug|Any CPU
		{B34B6087-7C7B-402E-A7C1-6938AF920B3A}.Release|Any CPU.ActiveCfg = Release|Any CPU
		{B34B6087-7C7B-402E-A7C1-6938AF920B3A}.Release|Any CPU.Build.0 = Release|Any CPU
		{C722D4D4-5F71-40D3-A73B-5A4D9CC01BF8}.Debug|Any CPU.ActiveCfg = Debug|Any CPU
		{C722D4D4-5F71-40D3-A73B-5A4D9CC01BF8}.Debug|Any CPU.Build.0 = Debug|Any CPU
		{C722D4D4-5F71-40D3-A73B-5A4D9CC01BF8}.Release|Any CPU.ActiveCfg = Release|Any CPU
		{C722D4D4-5F71-40D3-A73B-5A4D9CC01BF8}.Release|Any CPU.Build.0 = Release|Any CPU
		{51017AC7-A818-430A-A52F-5C93340CA0AD}.Debug|Any CPU.ActiveCfg = Debug|Any CPU
		{51017AC7-A818-430A-A52F-5C93340CA0AD}.Debug|Any CPU.Build.0 = Debug|Any CPU
		{51017AC7-A818-430A-A52F-5C93340CA0AD}.Release|Any CPU.ActiveCfg = Release|Any CPU
		{51017AC7-A818-430A-A52F-5C93340CA0AD}.Release|Any CPU.Build.0 = Release|Any CPU
		{04130F74-A354-491D-AF7C-27DA4BBD35BB}.Debug|Any CPU.ActiveCfg = Debug|Any CPU
		{04130F74-A354-491D-AF7C-27DA4BBD35BB}.Debug|Any CPU.Build.0 = Debug|Any CPU
		{04130F74-A354-491D-AF7C-27DA4BBD35BB}.Release|Any CPU.ActiveCfg = Release|Any CPU
		{04130F74-A354-491D-AF7C-27DA4BBD35BB}.Release|Any CPU.Build.0 = Release|Any CPU
		{9338BA03-CD5C-4DD7-B0AA-3AC14E1F0461}.Debug|Any CPU.ActiveCfg = Debug|Any CPU
		{9338BA03-CD5C-4DD7-B0AA-3AC14E1F0461}.Debug|Any CPU.Build.0 = Debug|Any CPU
		{9338BA03-CD5C-4DD7-B0AA-3AC14E1F0461}.Release|Any CPU.ActiveCfg = Release|Any CPU
		{9338BA03-CD5C-4DD7-B0AA-3AC14E1F0461}.Release|Any CPU.Build.0 = Release|Any CPU
	EndGlobalSection
	GlobalSection(SolutionProperties) = preSolution
		HideSolutionNode = FALSE
	EndGlobalSection
	GlobalSection(ExtensibilityGlobals) = postSolution
		SolutionGuid = {A7B0033C-6C7C-4B2D-A0F0-513E31D1F01B}
	EndGlobalSection
EndGlobal
