
Microsoft Visual Studio Solution File, Format Version 12.00
# Visual Studio Version 17
VisualStudioVersion = 17.3.32901.215
MinimumVisualStudioVersion = 10.0.40219.1
Project("{FAE04EC0-301F-11D3-BF4B-00C04F79EFBC}") = "FilmReviews.WebAPI", "FilmReviews.WebAPI.csproj", "{F7BDB5BC-C8E9-45E6-B5EB-B25D7649A5E9}"
EndProject
Project("{FAE04EC0-301F-11D3-BF4B-00C04F79EFBC}") = "FilmReviews.BL", "..\FilmReviews.BL\FilmReviews.BL.csproj", "{B10712CF-68F7-4755-B449-723C08B2B2CD}"
EndProject
Project("{FAE04EC0-301F-11D3-BF4B-00C04F79EFBC}") = "FilmReviews.DataAccess", "..\FilmReviews.DataAccess\FilmReviews.DataAccess.csproj", "{82FC8FE0-2A95-41F2-86CA-DE384D6008C7}"
EndProject
Global
	GlobalSection(SolutionConfigurationPlatforms) = preSolution
		Debug|Any CPU = Debug|Any CPU
		Release|Any CPU = Release|Any CPU
	EndGlobalSection
	GlobalSection(ProjectConfigurationPlatforms) = postSolution
		{F7BDB5BC-C8E9-45E6-B5EB-B25D7649A5E9}.Debug|Any CPU.ActiveCfg = Debug|Any CPU
		{F7BDB5BC-C8E9-45E6-B5EB-B25D7649A5E9}.Debug|Any CPU.Build.0 = Debug|Any CPU
		{F7BDB5BC-C8E9-45E6-B5EB-B25D7649A5E9}.Release|Any CPU.ActiveCfg = Release|Any CPU
		{F7BDB5BC-C8E9-45E6-B5EB-B25D7649A5E9}.Release|Any CPU.Build.0 = Release|Any CPU
		{B10712CF-68F7-4755-B449-723C08B2B2CD}.Debug|Any CPU.ActiveCfg = Debug|Any CPU
		{B10712CF-68F7-4755-B449-723C08B2B2CD}.Debug|Any CPU.Build.0 = Debug|Any CPU
		{B10712CF-68F7-4755-B449-723C08B2B2CD}.Release|Any CPU.ActiveCfg = Release|Any CPU
		{B10712CF-68F7-4755-B449-723C08B2B2CD}.Release|Any CPU.Build.0 = Release|Any CPU
		{82FC8FE0-2A95-41F2-86CA-DE384D6008C7}.Debug|Any CPU.ActiveCfg = Debug|Any CPU
		{82FC8FE0-2A95-41F2-86CA-DE384D6008C7}.Debug|Any CPU.Build.0 = Debug|Any CPU
		{82FC8FE0-2A95-41F2-86CA-DE384D6008C7}.Release|Any CPU.ActiveCfg = Release|Any CPU
		{82FC8FE0-2A95-41F2-86CA-DE384D6008C7}.Release|Any CPU.Build.0 = Release|Any CPU
	EndGlobalSection
	GlobalSection(SolutionProperties) = preSolution
		HideSolutionNode = FALSE
	EndGlobalSection
	GlobalSection(ExtensibilityGlobals) = postSolution
		SolutionGuid = {307356A8-CBD7-4C93-9FAF-E3702EC95215}
	EndGlobalSection
EndGlobal
